
Microsoft Visual Studio Solution File, Format Version 12.00
# Visual Studio 15
VisualStudioVersion = 15.0.27004.2005
MinimumVisualStudioVersion = 10.0.40219.1
Project("{FAE04EC0-301F-11D3-BF4B-00C04F79EFBC}") = "Iyzipay", "Iyzipay\Iyzipay.csproj", "{B010F7D9-4F2D-4D40-B7FA-76A85C7FAAE1}"
EndProject
Project("{FAE04EC0-301F-11D3-BF4B-00C04F79EFBC}") = "Iyzipay.Samples", "Iyzipay.Samples\Iyzipay.Samples.csproj", "{08552C6C-E5B3-4F18-BBEA-D9F963D5402A}"
EndProject
Global
	GlobalSection(SolutionConfigurationPlatforms) = preSolution
		Debug|Any CPU = Debug|Any CPU
		Release|Any CPU = Release|Any CPU
	EndGlobalSection
	GlobalSection(ProjectConfigurationPlatforms) = postSolution
		{B010F7D9-4F2D-4D40-B7FA-76A85C7FAAE1}.Debug|Any CPU.ActiveCfg = Debug|Any CPU
		{B010F7D9-4F2D-4D40-B7FA-76A85C7FAAE1}.Debug|Any CPU.Build.0 = Debug|Any CPU
		{B010F7D9-4F2D-4D40-B7FA-76A85C7FAAE1}.Release|Any CPU.ActiveCfg = Release|Any CPU
		{B010F7D9-4F2D-4D40-B7FA-76A85C7FAAE1}.Release|Any CPU.Build.0 = Release|Any CPU
		{08552C6C-E5B3-4F18-BBEA-D9F963D5402A}.Debug|Any CPU.ActiveCfg = Debug|Any CPU
		{08552C6C-E5B3-4F18-BBEA-D9F963D5402A}.Debug|Any CPU.Build.0 = Debug|Any CPU
		{08552C6C-E5B3-4F18-BBEA-D9F963D5402A}.Release|Any CPU.ActiveCfg = Release|Any CPU
		{08552C6C-E5B3-4F18-BBEA-D9F963D5402A}.Release|Any CPU.Build.0 = Release|Any CPU
	EndGlobalSection
	GlobalSection(SolutionProperties) = preSolution
		HideSolutionNode = FALSE
	EndGlobalSection
	GlobalSection(ExtensibilityGlobals) = postSolution
		SolutionGuid = {7295BDA4-2D91-48C5-BA97-804845A11786}
	EndGlobalSection
EndGlobal
